
Microsoft Visual Studio Solution File, Format Version 12.00
# Visual Studio Version 17
VisualStudioVersion = 17.0.31912.275
MinimumVisualStudioVersion = 10.0.40219.1
Project("{9A19103F-16F7-4668-BE54-9A1E7A4F7556}") = "API", "API\API.csproj", "{BDAEDE96-F0FE-473D-9345-521AC20F6A48}"
EndProject
Project("{9A19103F-16F7-4668-BE54-9A1E7A4F7556}") = "Domain", "Domain\Domain.csproj", "{3D273438-1942-49A2-B298-7292041BDDA8}"
EndProject
Project("{9A19103F-16F7-4668-BE54-9A1E7A4F7556}") = "Application", "Application\Application.csproj", "{BCE419AF-0156-4A03-9C7A-EF10BC86A9E5}"
EndProject
Project("{9A19103F-16F7-4668-BE54-9A1E7A4F7556}") = "Eater.Shared", "..\Eater.Shared\Eater.Shared.csproj", "{431F78B4-2842-4393-921C-F1CC2A83666D}"
EndProject
Global
	GlobalSection(SolutionConfigurationPlatforms) = preSolution
		Debug|Any CPU = Debug|Any CPU
		Release|Any CPU = Release|Any CPU
	EndGlobalSection
	GlobalSection(ProjectConfigurationPlatforms) = postSolution
		{BDAEDE96-F0FE-473D-9345-521AC20F6A48}.Debug|Any CPU.ActiveCfg = Debug|Any CPU
		{BDAEDE96-F0FE-473D-9345-521AC20F6A48}.Debug|Any CPU.Build.0 = Debug|Any CPU
		{BDAEDE96-F0FE-473D-9345-521AC20F6A48}.Release|Any CPU.ActiveCfg = Release|Any CPU
		{BDAEDE96-F0FE-473D-9345-521AC20F6A48}.Release|Any CPU.Build.0 = Release|Any CPU
		{3D273438-1942-49A2-B298-7292041BDDA8}.Debug|Any CPU.ActiveCfg = Debug|Any CPU
		{3D273438-1942-49A2-B298-7292041BDDA8}.Debug|Any CPU.Build.0 = Debug|Any CPU
		{3D273438-1942-49A2-B298-7292041BDDA8}.Release|Any CPU.ActiveCfg = Release|Any CPU
		{3D273438-1942-49A2-B298-7292041BDDA8}.Release|Any CPU.Build.0 = Release|Any CPU
		{BCE419AF-0156-4A03-9C7A-EF10BC86A9E5}.Debug|Any CPU.ActiveCfg = Debug|Any CPU
		{BCE419AF-0156-4A03-9C7A-EF10BC86A9E5}.Debug|Any CPU.Build.0 = Debug|Any CPU
		{BCE419AF-0156-4A03-9C7A-EF10BC86A9E5}.Release|Any CPU.ActiveCfg = Release|Any CPU
		{BCE419AF-0156-4A03-9C7A-EF10BC86A9E5}.Release|Any CPU.Build.0 = Release|Any CPU
		{431F78B4-2842-4393-921C-F1CC2A83666D}.Debug|Any CPU.ActiveCfg = Debug|Any CPU
		{431F78B4-2842-4393-921C-F1CC2A83666D}.Debug|Any CPU.Build.0 = Debug|Any CPU
		{431F78B4-2842-4393-921C-F1CC2A83666D}.Release|Any CPU.ActiveCfg = Release|Any CPU
		{431F78B4-2842-4393-921C-F1CC2A83666D}.Release|Any CPU.Build.0 = Release|Any CPU
	EndGlobalSection
	GlobalSection(SolutionProperties) = preSolution
		HideSolutionNode = FALSE
	EndGlobalSection
	GlobalSection(ExtensibilityGlobals) = postSolution
		SolutionGuid = {D2360851-4568-4703-84B1-54878D4314FA}
	EndGlobalSection
EndGlobal
