
Microsoft Visual Studio Solution File, Format Version 12.00
# Visual Studio Version 17
VisualStudioVersion = 17.0.31808.319
MinimumVisualStudioVersion = 10.0.40219.1
Project("{9A19103F-16F7-4668-BE54-9A1E7A4F7556}") = "API", "API\API.csproj", "{70D374B1-B055-4344-AF56-38A30AB3EAA2}"
EndProject
Project("{9A19103F-16F7-4668-BE54-9A1E7A4F7556}") = "Domain", "Domain\Domain.csproj", "{00BD5381-8EF2-45C3-9E0D-C9F6410F06E5}"
EndProject
Project("{9A19103F-16F7-4668-BE54-9A1E7A4F7556}") = "Application", "Application\Application.csproj", "{8DF03D1D-22F1-405A-8ADB-FC7018231274}"
EndProject
Project("{9A19103F-16F7-4668-BE54-9A1E7A4F7556}") = "Infrastructure", "Infrastructure\Infrastructure.csproj", "{70682407-B523-48C5-B557-16BA43E45DEF}"
EndProject
Global
	GlobalSection(SolutionConfigurationPlatforms) = preSolution
		Debug|Any CPU = Debug|Any CPU
		Release|Any CPU = Release|Any CPU
	EndGlobalSection
	GlobalSection(ProjectConfigurationPlatforms) = postSolution
		{70D374B1-B055-4344-AF56-38A30AB3EAA2}.Debug|Any CPU.ActiveCfg = Debug|Any CPU
		{70D374B1-B055-4344-AF56-38A30AB3EAA2}.Debug|Any CPU.Build.0 = Debug|Any CPU
		{70D374B1-B055-4344-AF56-38A30AB3EAA2}.Release|Any CPU.ActiveCfg = Release|Any CPU
		{70D374B1-B055-4344-AF56-38A30AB3EAA2}.Release|Any CPU.Build.0 = Release|Any CPU
		{00BD5381-8EF2-45C3-9E0D-C9F6410F06E5}.Debug|Any CPU.ActiveCfg = Debug|Any CPU
		{00BD5381-8EF2-45C3-9E0D-C9F6410F06E5}.Debug|Any CPU.Build.0 = Debug|Any CPU
		{00BD5381-8EF2-45C3-9E0D-C9F6410F06E5}.Release|Any CPU.ActiveCfg = Release|Any CPU
		{00BD5381-8EF2-45C3-9E0D-C9F6410F06E5}.Release|Any CPU.Build.0 = Release|Any CPU
		{8DF03D1D-22F1-405A-8ADB-FC7018231274}.Debug|Any CPU.ActiveCfg = Debug|Any CPU
		{8DF03D1D-22F1-405A-8ADB-FC7018231274}.Debug|Any CPU.Build.0 = Debug|Any CPU
		{8DF03D1D-22F1-405A-8ADB-FC7018231274}.Release|Any CPU.ActiveCfg = Release|Any CPU
		{8DF03D1D-22F1-405A-8ADB-FC7018231274}.Release|Any CPU.Build.0 = Release|Any CPU
		{70682407-B523-48C5-B557-16BA43E45DEF}.Debug|Any CPU.ActiveCfg = Debug|Any CPU
		{70682407-B523-48C5-B557-16BA43E45DEF}.Debug|Any CPU.Build.0 = Debug|Any CPU
		{70682407-B523-48C5-B557-16BA43E45DEF}.Release|Any CPU.ActiveCfg = Release|Any CPU
		{70682407-B523-48C5-B557-16BA43E45DEF}.Release|Any CPU.Build.0 = Release|Any CPU
	EndGlobalSection
	GlobalSection(SolutionProperties) = preSolution
		HideSolutionNode = FALSE
	EndGlobalSection
	GlobalSection(ExtensibilityGlobals) = postSolution
		SolutionGuid = {3CD768F3-4FB7-4992-A681-48E226AB71B7}
	EndGlobalSection
EndGlobal
