
Microsoft Visual Studio Solution File, Format Version 12.00
# Visual Studio Version 17
VisualStudioVersion = 17.0.31912.275
MinimumVisualStudioVersion = 10.0.40219.1
Project("{FAE04EC0-301F-11D3-BF4B-00C04F79EFBC}") = "Eater.Shared", "Eater.Shared.csproj", "{F535BDD4-D993-49BD-9308-702050B00E30}"
EndProject
Global
	GlobalSection(SolutionConfigurationPlatforms) = preSolution
		Debug|Any CPU = Debug|Any CPU
		Release|Any CPU = Release|Any CPU
	EndGlobalSection
	GlobalSection(ProjectConfigurationPlatforms) = postSolution
		{F535BDD4-D993-49BD-9308-702050B00E30}.Debug|Any CPU.ActiveCfg = Debug|Any CPU
		{F535BDD4-D993-49BD-9308-702050B00E30}.Debug|Any CPU.Build.0 = Debug|Any CPU
		{F535BDD4-D993-49BD-9308-702050B00E30}.Release|Any CPU.ActiveCfg = Release|Any CPU
		{F535BDD4-D993-49BD-9308-702050B00E30}.Release|Any CPU.Build.0 = Release|Any CPU
	EndGlobalSection
	GlobalSection(SolutionProperties) = preSolution
		HideSolutionNode = FALSE
	EndGlobalSection
	GlobalSection(ExtensibilityGlobals) = postSolution
		SolutionGuid = {C71705C4-1AEC-4E41-8C20-5BF451A10B95}
	EndGlobalSection
EndGlobal
